
Microsoft Visual Studio Solution File, Format Version 12.00
# Visual Studio Version 17
VisualStudioVersion = 17.2.32630.192
MinimumVisualStudioVersion = 10.0.40219.1
Project("{FAE04EC0-301F-11D3-BF4B-00C04F79EFBC}") = "EnvControlPanel", "EnvControlPanel.csproj", "{513BC282-1C30-4641-9670-5C3A1B117159}"
EndProject
Global
	GlobalSection(SolutionConfigurationPlatforms) = preSolution
		Debug|arm64 = Debug|arm64
		Debug|x64 = Debug|x64
		Debug|x86 = Debug|x86
		Release|arm64 = Release|arm64
		Release|x64 = Release|x64
		Release|x86 = Release|x86
	EndGlobalSection
	GlobalSection(ProjectConfigurationPlatforms) = postSolution
		{513BC282-1C30-4641-9670-5C3A1B117159}.Debug|arm64.ActiveCfg = Debug|arm64
		{513BC282-1C30-4641-9670-5C3A1B117159}.Debug|arm64.Build.0 = Debug|arm64
		{513BC282-1C30-4641-9670-5C3A1B117159}.Debug|arm64.Deploy.0 = Debug|arm64
		{513BC282-1C30-4641-9670-5C3A1B117159}.Debug|x64.ActiveCfg = Debug|x64
		{513BC282-1C30-4641-9670-5C3A1B117159}.Debug|x64.Build.0 = Debug|x64
		{513BC282-1C30-4641-9670-5C3A1B117159}.Debug|x64.Deploy.0 = Debug|x64
		{513BC282-1C30-4641-9670-5C3A1B117159}.Debug|x86.ActiveCfg = Debug|x86
		{513BC282-1C30-4641-9670-5C3A1B117159}.Debug|x86.Build.0 = Debug|x86
		{513BC282-1C30-4641-9670-5C3A1B117159}.Debug|x86.Deploy.0 = Debug|x86
		{513BC282-1C30-4641-9670-5C3A1B117159}.Release|arm64.ActiveCfg = Release|arm64
		{513BC282-1C30-4641-9670-5C3A1B117159}.Release|arm64.Build.0 = Release|arm64
		{513BC282-1C30-4641-9670-5C3A1B117159}.Release|arm64.Deploy.0 = Release|arm64
		{513BC282-1C30-4641-9670-5C3A1B117159}.Release|x64.ActiveCfg = Release|x64
		{513BC282-1C30-4641-9670-5C3A1B117159}.Release|x64.Build.0 = Release|x64
		{513BC282-1C30-4641-9670-5C3A1B117159}.Release|x64.Deploy.0 = Release|x64
		{513BC282-1C30-4641-9670-5C3A1B117159}.Release|x86.ActiveCfg = Release|x86
		{513BC282-1C30-4641-9670-5C3A1B117159}.Release|x86.Build.0 = Release|x86
		{513BC282-1C30-4641-9670-5C3A1B117159}.Release|x86.Deploy.0 = Release|x86
	EndGlobalSection
	GlobalSection(SolutionProperties) = preSolution
		HideSolutionNode = FALSE
	EndGlobalSection
	GlobalSection(ExtensibilityGlobals) = postSolution
		SolutionGuid = {629E7757-FC7C-4130-BB7F-CC2A70DE6318}
	EndGlobalSection
EndGlobal
